
Microsoft Visual Studio Solution File, Format Version 12.00
# Visual Studio Version 17
VisualStudioVersion = 17.14.36408.4 d17.14
MinimumVisualStudioVersion = 10.0.40219.1
Project("{8BC9CEB8-8B4A-11D0-8D11-00A0C91BC942}") = "Eindopdracht_Triathlon_V3_TEST", "Eindopdracht_Triathlon_V3_TEST\Eindopdracht_Triathlon_V3_TEST.vcxproj", "{17CBB8D8-76A6-44EC-972F-53F1E650C926}"
EndProject
Global
	GlobalSection(SolutionConfigurationPlatforms) = preSolution
		Debug|x64 = Debug|x64
		Debug|x86 = Debug|x86
		Release|x64 = Release|x64
		Release|x86 = Release|x86
	EndGlobalSection
	GlobalSection(ProjectConfigurationPlatforms) = postSolution
		{17CBB8D8-76A6-44EC-972F-53F1E650C926}.Debug|x64.ActiveCfg = Debug|x64
		{17CBB8D8-76A6-44EC-972F-53F1E650C926}.Debug|x64.Build.0 = Debug|x64
		{17CBB8D8-76A6-44EC-972F-53F1E650C926}.Debug|x86.ActiveCfg = Debug|Win32
		{17CBB8D8-76A6-44EC-972F-53F1E650C926}.Debug|x86.Build.0 = Debug|Win32
		{17CBB8D8-76A6-44EC-972F-53F1E650C926}.Release|x64.ActiveCfg = Release|x64
		{17CBB8D8-76A6-44EC-972F-53F1E650C926}.Release|x64.Build.0 = Release|x64
		{17CBB8D8-76A6-44EC-972F-53F1E650C926}.Release|x86.ActiveCfg = Release|Win32
		{17CBB8D8-76A6-44EC-972F-53F1E650C926}.Release|x86.Build.0 = Release|Win32
	EndGlobalSection
	GlobalSection(SolutionProperties) = preSolution
		HideSolutionNode = FALSE
	EndGlobalSection
	GlobalSection(ExtensibilityGlobals) = postSolution
		SolutionGuid = {E4B46DBF-32A6-4DB0-92F1-40B39F0219A3}
	EndGlobalSection
EndGlobal
